{
  "name": "wincare-plugin-cli",
  "version": "1.0.0",
  "lockfileVersion": 3,
  "requires": true,
  "packages": {
    "": {
      "name": "wincare-plugin-cli",
      "version": "1.0.0",
      "license": "Apache-2.0",
      "bin": {
        "wincare-plugin": "bin/wincare-plugin.js"
      }
    }
  }
}
